
Microsoft Visual Studio Solution File, Format Version 12.00
# Visual Studio 15
Project("{FAE04EC0-301F-11D3-BF4B-00C04F79EFBC}") = "HelloWorldAspNetMVC", "HelloWorldAspNetMVC\HelloWorldAspNetMVC.csproj", "{157C3DA4-6791-4B81-8A9B-A2C8CABAB184}"
EndProject
Project("{FAE04EC0-301F-11D3-BF4B-00C04F79EFBC}") = "HelloWorldAspNetMVC.Tests", "HelloWorldAspNetMVC.Tests\HelloWorldAspNetMVC.Tests.csproj", "{1038D13D-8122-40D8-AF0C-ED7EB97A2E14}"
EndProject
Global
	GlobalSection(SolutionConfigurationPlatforms) = preSolution
		Debug|Any CPU = Debug|Any CPU
		Release|Any CPU = Release|Any CPU
	EndGlobalSection
	GlobalSection(ProjectConfigurationPlatforms) = postSolution
		{157C3DA4-6791-4B81-8A9B-A2C8CABAB184}.Debug|Any CPU.ActiveCfg = Debug|Any CPU
		{157C3DA4-6791-4B81-8A9B-A2C8CABAB184}.Debug|Any CPU.Build.0 = Debug|Any CPU
		{157C3DA4-6791-4B81-8A9B-A2C8CABAB184}.Release|Any CPU.ActiveCfg = Release|Any CPU
		{157C3DA4-6791-4B81-8A9B-A2C8CABAB184}.Release|Any CPU.Build.0 = Release|Any CPU
		{1038D13D-8122-40D8-AF0C-ED7EB97A2E14}.Debug|Any CPU.ActiveCfg = Debug|Any CPU
		{1038D13D-8122-40D8-AF0C-ED7EB97A2E14}.Debug|Any CPU.Build.0 = Debug|Any CPU
		{1038D13D-8122-40D8-AF0C-ED7EB97A2E14}.Release|Any CPU.ActiveCfg = Release|Any CPU
		{1038D13D-8122-40D8-AF0C-ED7EB97A2E14}.Release|Any CPU.Build.0 = Release|Any CPU
	EndGlobalSection
EndGlobal
